{
  "name": "julia-fractal.c",
  "version": "0.0.0",
  "lockfileVersion": 3,
  "requires": true,
  "packages": {
    "": {
      "name": "julia-fractal.c",
      "version": "0.0.0",
      "license": "MIT",
      "dependencies": {
        "tigr.c": "^3.2.6"
      }
    },
    "node_modules/tigr.c": {
      "version": "3.2.6",
      "resolved": "https://registry.npmjs.org/tigr.c/-/tigr.c-3.2.6.tgz",
      "integrity": "sha512-vw2xHwlX+qiniREbKBolxZ+X8TxtmldEOvZugqBNmzWR6/36fR8G3Rhdhkndpu9BlYSfboqk7kLGhZDJuHDnFQ==",
      "license": "UNLICENSED"
    }
  }
}
